# THIS IS AN AUTOGENERATED FILE. DO NOT EDIT THIS FILE DIRECTLY.
# yarn lockfile v1


bulma@^0.7.1:
  version "0.7.1"
  resolved "https://registry.yarnpkg.com/bulma/-/bulma-0.7.1.tgz#73c2e3b2930c90cc272029cbd19918b493fca486"

formbase@^6.0.3:
  version "6.0.3"
  resolved "https://registry.yarnpkg.com/formbase/-/formbase-6.0.3.tgz#8d32c1f15351371866786e110eda2de26aa279af"

in-view@^0.6.1:
  version "0.6.1"
  resolved "https://registry.yarnpkg.com/in-view/-/in-view-0.6.1.tgz#f9f99b5d5a6fe01359d9e19c570302a3121baf42"
  dependencies:
    lodash "^4.15.0"

lodash@^4.15.0:
  version "4.17.5"
  resolved "https://registry.yarnpkg.com/lodash/-/lodash-4.17.5.tgz#99a92d65c0272debe8c96b6057bc8fbfa3bed511"

popper.js@^1.14.3:
  version "1.14.4"
  resolved "https://registry.yarnpkg.com/popper.js/-/popper.js-1.14.4.tgz#8eec1d8ff02a5a3a152dd43414a15c7b79fd69b6"

tippy.js@^2.5.4:
  version "2.5.4"
  resolved "https://registry.yarnpkg.com/tippy.js/-/tippy.js-2.5.4.tgz#69155d673761275dbf874c93175df443a006de46"
  dependencies:
    popper.js "^1.14.3"
